
Microsoft Visual Studio Solution File, Format Version 11.00
# Visual Studio 2010
Project("{FAE04EC0-301F-11D3-BF4B-00C04F79EFBC}") = "Cshake", "Cshake\Cshake.csproj", "{5AAEC3D7-4C07-466F-AA49-1178C63769C5}"
EndProject
Project("{FAE04EC0-301F-11D3-BF4B-00C04F79EFBC}") = "Cshake.Tasks", "Cshare.Tasks\Cshake.Tasks.csproj", "{A0E16FE2-7188-43C6-A019-8109AE18C411}"
EndProject
Project("{FAE04EC0-301F-11D3-BF4B-00C04F79EFBC}") = "Cshake.Core", "Chsake.Core\Cshake.Core.csproj", "{9B2772E7-FBE2-461E-856B-7F180ED23A02}"
EndProject
Project("{FAE04EC0-301F-11D3-BF4B-00C04F79EFBC}") = "Cshake.TestBuilds", "Cshake.TestBuilds\Cshake.TestBuilds.csproj", "{F98484AE-9357-403A-AD6A-37C1C64DD870}"
EndProject
Project("{FAE04EC0-301F-11D3-BF4B-00C04F79EFBC}") = "Cshake.Courier.Tasks", "Cshake.Courier.Tasks\Cshake.Courier.Tasks.csproj", "{35841080-627C-4872-A697-532855CD8FCB}"
EndProject
Global
	GlobalSection(SolutionConfigurationPlatforms) = preSolution
		Debug|Any CPU = Debug|Any CPU
		Debug|Mixed Platforms = Debug|Mixed Platforms
		Debug|x86 = Debug|x86
		Release|Any CPU = Release|Any CPU
		Release|Mixed Platforms = Release|Mixed Platforms
		Release|x86 = Release|x86
	EndGlobalSection
	GlobalSection(ProjectConfigurationPlatforms) = postSolution
		{5AAEC3D7-4C07-466F-AA49-1178C63769C5}.Debug|Any CPU.ActiveCfg = Debug|x86
		{5AAEC3D7-4C07-466F-AA49-1178C63769C5}.Debug|Mixed Platforms.ActiveCfg = Debug|x86
		{5AAEC3D7-4C07-466F-AA49-1178C63769C5}.Debug|Mixed Platforms.Build.0 = Debug|x86
		{5AAEC3D7-4C07-466F-AA49-1178C63769C5}.Debug|x86.ActiveCfg = Debug|x86
		{5AAEC3D7-4C07-466F-AA49-1178C63769C5}.Debug|x86.Build.0 = Debug|x86
		{5AAEC3D7-4C07-466F-AA49-1178C63769C5}.Release|Any CPU.ActiveCfg = Release|x86
		{5AAEC3D7-4C07-466F-AA49-1178C63769C5}.Release|Mixed Platforms.ActiveCfg = Release|x86
		{5AAEC3D7-4C07-466F-AA49-1178C63769C5}.Release|Mixed Platforms.Build.0 = Release|x86
		{5AAEC3D7-4C07-466F-AA49-1178C63769C5}.Release|x86.ActiveCfg = Release|x86
		{5AAEC3D7-4C07-466F-AA49-1178C63769C5}.Release|x86.Build.0 = Release|x86
		{A0E16FE2-7188-43C6-A019-8109AE18C411}.Debug|Any CPU.ActiveCfg = Debug|Any CPU
		{A0E16FE2-7188-43C6-A019-8109AE18C411}.Debug|Any CPU.Build.0 = Debug|Any CPU
		{A0E16FE2-7188-43C6-A019-8109AE18C411}.Debug|Mixed Platforms.ActiveCfg = Debug|Any CPU
		{A0E16FE2-7188-43C6-A019-8109AE18C411}.Debug|Mixed Platforms.Build.0 = Debug|Any CPU
		{A0E16FE2-7188-43C6-A019-8109AE18C411}.Debug|x86.ActiveCfg = Debug|Any CPU
		{A0E16FE2-7188-43C6-A019-8109AE18C411}.Release|Any CPU.ActiveCfg = Release|Any CPU
		{A0E16FE2-7188-43C6-A019-8109AE18C411}.Release|Any CPU.Build.0 = Release|Any CPU
		{A0E16FE2-7188-43C6-A019-8109AE18C411}.Release|Mixed Platforms.ActiveCfg = Release|Any CPU
		{A0E16FE2-7188-43C6-A019-8109AE18C411}.Release|Mixed Platforms.Build.0 = Release|Any CPU
		{A0E16FE2-7188-43C6-A019-8109AE18C411}.Release|x86.ActiveCfg = Release|Any CPU
		{9B2772E7-FBE2-461E-856B-7F180ED23A02}.Debug|Any CPU.ActiveCfg = Debug|Any CPU
		{9B2772E7-FBE2-461E-856B-7F180ED23A02}.Debug|Any CPU.Build.0 = Debug|Any CPU
		{9B2772E7-FBE2-461E-856B-7F180ED23A02}.Debug|Mixed Platforms.ActiveCfg = Debug|Any CPU
		{9B2772E7-FBE2-461E-856B-7F180ED23A02}.Debug|Mixed Platforms.Build.0 = Debug|Any CPU
		{9B2772E7-FBE2-461E-856B-7F180ED23A02}.Debug|x86.ActiveCfg = Debug|Any CPU
		{9B2772E7-FBE2-461E-856B-7F180ED23A02}.Release|Any CPU.ActiveCfg = Release|Any CPU
		{9B2772E7-FBE2-461E-856B-7F180ED23A02}.Release|Any CPU.Build.0 = Release|Any CPU
		{9B2772E7-FBE2-461E-856B-7F180ED23A02}.Release|Mixed Platforms.ActiveCfg = Release|Any CPU
		{9B2772E7-FBE2-461E-856B-7F180ED23A02}.Release|Mixed Platforms.Build.0 = Release|Any CPU
		{9B2772E7-FBE2-461E-856B-7F180ED23A02}.Release|x86.ActiveCfg = Release|Any CPU
		{F98484AE-9357-403A-AD6A-37C1C64DD870}.Debug|Any CPU.ActiveCfg = Debug|Any CPU
		{F98484AE-9357-403A-AD6A-37C1C64DD870}.Debug|Any CPU.Build.0 = Debug|Any CPU
		{F98484AE-9357-403A-AD6A-37C1C64DD870}.Debug|Mixed Platforms.ActiveCfg = Debug|Any CPU
		{F98484AE-9357-403A-AD6A-37C1C64DD870}.Debug|Mixed Platforms.Build.0 = Debug|Any CPU
		{F98484AE-9357-403A-AD6A-37C1C64DD870}.Debug|x86.ActiveCfg = Debug|Any CPU
		{F98484AE-9357-403A-AD6A-37C1C64DD870}.Release|Any CPU.ActiveCfg = Release|Any CPU
		{F98484AE-9357-403A-AD6A-37C1C64DD870}.Release|Any CPU.Build.0 = Release|Any CPU
		{F98484AE-9357-403A-AD6A-37C1C64DD870}.Release|Mixed Platforms.ActiveCfg = Release|Any CPU
		{F98484AE-9357-403A-AD6A-37C1C64DD870}.Release|Mixed Platforms.Build.0 = Release|Any CPU
		{F98484AE-9357-403A-AD6A-37C1C64DD870}.Release|x86.ActiveCfg = Release|Any CPU
		{35841080-627C-4872-A697-532855CD8FCB}.Debug|Any CPU.ActiveCfg = Debug|Any CPU
		{35841080-627C-4872-A697-532855CD8FCB}.Debug|Any CPU.Build.0 = Debug|Any CPU
		{35841080-627C-4872-A697-532855CD8FCB}.Debug|Mixed Platforms.ActiveCfg = Debug|Any CPU
		{35841080-627C-4872-A697-532855CD8FCB}.Debug|Mixed Platforms.Build.0 = Debug|Any CPU
		{35841080-627C-4872-A697-532855CD8FCB}.Debug|x86.ActiveCfg = Debug|Any CPU
		{35841080-627C-4872-A697-532855CD8FCB}.Release|Any CPU.ActiveCfg = Release|Any CPU
		{35841080-627C-4872-A697-532855CD8FCB}.Release|Any CPU.Build.0 = Release|Any CPU
		{35841080-627C-4872-A697-532855CD8FCB}.Release|Mixed Platforms.ActiveCfg = Release|Any CPU
		{35841080-627C-4872-A697-532855CD8FCB}.Release|Mixed Platforms.Build.0 = Release|Any CPU
		{35841080-627C-4872-A697-532855CD8FCB}.Release|x86.ActiveCfg = Release|Any CPU
	EndGlobalSection
	GlobalSection(SolutionProperties) = preSolution
		HideSolutionNode = FALSE
	EndGlobalSection
EndGlobal
